// !$*UTF8*$!
{
	archiveVersion = 1;
	classes = {
	};
	objectVersion = 46;
	objects = {

/* Begin PBXBuildFile section */
		EB3B65BC1D2DB9D70016D335 /* main.cpp in Sources */ = {isa = PBXBuildFile; fileRef = EB3B65BB1D2DB9D70016D335 /* main.cpp */; };
		EB7440011D35C0F4009CA3B7 /* execute.cpp in Sources */ = {isa = PBXBuildFile; fileRef = EB743FFF1D35C0F4009CA3B7 /* execute.cpp */; };
		EB7440051D35C45B009CA3B7 /* radmind_file_handler.cpp in Sources */ = {isa = PBXBuildFile; fileRef = EB7440031D35C45B009CA3B7 /* radmind_file_handler.cpp */; };
/* End PBXBuildFile section */

/* Begin PBXCopyFilesBuildPhase section */
		EB3B65B61D2DB9D70016D335 /* CopyFiles */ = {
			isa = PBXCopyFilesBuildPhase;
			buildActionMask = 2147483647;
			dstPath = /usr/share/man/man1/;
			dstSubfolderSpec = 0;
			files = (
			);
			runOnlyForDeploymentPostprocessing = 1;
		};
/* End PBXCopyFilesBuildPhase section */

/* Begin PBXFileReference section */
		EB3B65B81D2DB9D70016D335 /* fsdiff-mr */ = {isa = PBXFileReference; explicitFileType = "compiled.mach-o.executable"; includeInIndex = 0; path = "fsdiff-mr"; sourceTree = BUILT_PRODUCTS_DIR; };
		EB3B65BB1D2DB9D70016D335 /* main.cpp */ = {isa = PBXFileReference; lastKnownFileType = sourcecode.cpp.cpp; path = main.cpp; sourceTree = "<group>"; };
		EB743FFF1D35C0F4009CA3B7 /* execute.cpp */ = {isa = PBXFileReference; fileEncoding = 4; lastKnownFileType = sourcecode.cpp.cpp; path = execute.cpp; sourceTree = "<group>"; };
		EB7440001D35C0F4009CA3B7 /* execute.hpp */ = {isa = PBXFileReference; fileEncoding = 4; lastKnownFileType = sourcecode.cpp.h; path = execute.hpp; sourceTree = "<group>"; };
		EB7440021D35C31E009CA3B7 /* global.h */ = {isa = PBXFileReference; lastKnownFileType = sourcecode.c.h; path = global.h; sourceTree = "<group>"; };
		EB7440031D35C45B009CA3B7 /* radmind_file_handler.cpp */ = {isa = PBXFileReference; fileEncoding = 4; lastKnownFileType = sourcecode.cpp.cpp; path = radmind_file_handler.cpp; sourceTree = "<group>"; };
		EB7440041D35C45B009CA3B7 /* radmind_file_handler.hpp */ = {isa = PBXFileReference; fileEncoding = 4; lastKnownFileType = sourcecode.cpp.h; path = radmind_file_handler.hpp; sourceTree = "<group>"; };
/* End PBXFileReference section */

/* Begin PBXFrameworksBuildPhase section */
		EB3B65B51D2DB9D70016D335 /* Frameworks */ = {
			isa = PBXFrameworksBuildPhase;
			buildActionMask = 2147483647;
			files = (
			);
			runOnlyForDeploymentPostprocessing = 0;
		};
/* End PBXFrameworksBuildPhase section */

/* Begin PBXGroup section */
		EB3B65AF1D2DB9D70016D335 = {
			isa = PBXGroup;
			children = (
				EB3B65BA1D2DB9D70016D335 /* fsdiff-mr */,
				EB3B65B91D2DB9D70016D335 /* Products */,
			);
			sourceTree = "<group>";
		};
		EB3B65B91D2DB9D70016D335 /* Products */ = {
			isa = PBXGroup;
			children = (
				EB3B65B81D2DB9D70016D335 /* fsdiff-mr */,
			);
			name = Products;
			sourceTree = "<group>";
		};
		EB3B65BA1D2DB9D70016D335 /* fsdiff-mr */ = {
			isa = PBXGroup;
			children = (
				EB3B65BB1D2DB9D70016D335 /* main.cpp */,
				EB743FFF1D35C0F4009CA3B7 /* execute.cpp */,
				EB7440001D35C0F4009CA3B7 /* execute.hpp */,
				EB7440031D35C45B009CA3B7 /* radmind_file_handler.cpp */,
				EB7440041D35C45B009CA3B7 /* radmind_file_handler.hpp */,
				EB7440021D35C31E009CA3B7 /* global.h */,
			);
			path = "fsdiff-mr";
			sourceTree = "<group>";
		};
/* End PBXGroup section */

/* Begin PBXNativeTarget section */
		EB3B65B71D2DB9D70016D335 /* fsdiff-mr */ = {
			isa = PBXNativeTarget;
			buildConfigurationList = EB3B65BF1D2DB9D70016D335 /* Build configuration list for PBXNativeTarget "fsdiff-mr" */;
			buildPhases = (
				EB3B65B41D2DB9D70016D335 /* Sources */,
				EB3B65B51D2DB9D70016D335 /* Frameworks */,
				EB3B65B61D2DB9D70016D335 /* CopyFiles */,
			);
			buildRules = (
			);
			dependencies = (
			);
			name = "fsdiff-mr";
			productName = "fsdiff-mr";
			productReference = EB3B65B81D2DB9D70016D335 /* fsdiff-mr */;
			productType = "com.apple.product-type.tool";
		};
/* End PBXNativeTarget section */

/* Begin PBXProject section */
		EB3B65B01D2DB9D70016D335 /* Project object */ = {
			isa = PBXProject;
			attributes = {
				LastUpgradeCheck = 0720;
				ORGANIZATIONNAME = "Learning Evironments";
				TargetAttributes = {
					EB3B65B71D2DB9D70016D335 = {
						CreatedOnToolsVersion = 7.2;
					};
				};
			};
			buildConfigurationList = EB3B65B31D2DB9D70016D335 /* Build configuration list for PBXProject "fsdiff-mr" */;
			compatibilityVersion = "Xcode 3.2";
			developmentRegion = English;
			hasScannedForEncodings = 0;
			knownRegions = (
				en,
			);
			mainGroup = EB3B65AF1D2DB9D70016D335;
			productRefGroup = EB3B65B91D2DB9D70016D335 /* Products */;
			projectDirPath = "";
			projectRoot = "";
			targets = (
				EB3B65B71D2DB9D70016D335 /* fsdiff-mr */,
			);
		};
/* End PBXProject section */

/* Begin PBXSourcesBuildPhase section */
		EB3B65B41D2DB9D70016D335 /* Sources */ = {
			isa = PBXSourcesBuildPhase;
			buildActionMask = 2147483647;
			files = (
				EB7440051D35C45B009CA3B7 /* radmind_file_handler.cpp in Sources */,
				EB3B65BC1D2DB9D70016D335 /* main.cpp in Sources */,
				EB7440011D35C0F4009CA3B7 /* execute.cpp in Sources */,
			);
			runOnlyForDeploymentPostprocessing = 0;
		};
/* End PBXSourcesBuildPhase section */

/* Begin XCBuildConfiguration section */
		EB3B65BD1D2DB9D70016D335 /* Debug */ = {
			isa = XCBuildConfiguration;
			buildSettings = {
				ALWAYS_SEARCH_USER_PATHS = NO;
				CLANG_CXX_LANGUAGE_STANDARD = "gnu++0x";
				CLANG_CXX_LIBRARY = "libc++";
				CLANG_ENABLE_MODULES = YES;
				CLANG_ENABLE_OBJC_ARC = YES;
				CLANG_WARN_BOOL_CONVERSION = YES;
				CLANG_WARN_CONSTANT_CONVERSION = YES;
				CLANG_WARN_DIRECT_OBJC_ISA_USAGE = YES_ERROR;
				CLANG_WARN_EMPTY_BODY = YES;
				CLANG_WARN_ENUM_CONVERSION = YES;
				CLANG_WARN_INT_CONVERSION = YES;
				CLANG_WARN_OBJC_ROOT_CLASS = YES_ERROR;
				CLANG_WARN_UNREACHABLE_CODE = YES;
				CLANG_WARN__DUPLICATE_METHOD_MATCH = YES;
				CODE_SIGN_IDENTITY = "-";
				COPY_PHASE_STRIP = NO;
				DEBUG_INFORMATION_FORMAT = dwarf;
				ENABLE_STRICT_OBJC_MSGSEND = YES;
				ENABLE_TESTABILITY = YES;
				GCC_C_LANGUAGE_STANDARD = gnu99;
				GCC_DYNAMIC_NO_PIC = NO;
				GCC_NO_COMMON_BLOCKS = YES;
				GCC_OPTIMIZATION_LEVEL = 0;
				GCC_PREPROCESSOR_DEFINITIONS = (
					"DEBUG=1",
					"$(inherited)",
				);
				GCC_WARN_64_TO_32_BIT_CONVERSION = YES;
				GCC_WARN_ABOUT_RETURN_TYPE = YES_ERROR;
				GCC_WARN_UNDECLARED_SELECTOR = YES;
				GCC_WARN_UNINITIALIZED_AUTOS = YES_AGGRESSIVE;
				GCC_WARN_UNUSED_FUNCTION = YES;
				GCC_WARN_UNUSED_VARIABLE = YES;
				MACOSX_DEPLOYMENT_TARGET = 10.10;
				MTL_ENABLE_DEBUG_INFO = YES;
				ONLY_ACTIVE_ARCH = YES;
				SDKROOT = macosx;
			};
			name = Debug;
		};
		EB3B65BE1D2DB9D70016D335 /* Release */ = {
			isa = XCBuildConfiguration;
			buildSettings = {
				ALWAYS_SEARCH_USER_PATHS = NO;
				CLANG_CXX_LANGUAGE_STANDARD = "gnu++0x";
				CLANG_CXX_LIBRARY = "libc++";
				CLANG_ENABLE_MODULES = YES;
				CLANG_ENABLE_OBJC_ARC = YES;
				CLANG_WARN_BOOL_CONVERSION = YES;
				CLANG_WARN_CONSTANT_CONVERSION = YES;
				CLANG_WARN_DIRECT_OBJC_ISA_USAGE = YES_ERROR;
				CLANG_WARN_EMPTY_BODY = YES;
				CLANG_WARN_ENUM_CONVERSION = YES;
				CLANG_WARN_INT_CONVERSION = YES;
				CLANG_WARN_OBJC_ROOT_CLASS = YES_ERROR;
				CLANG_WARN_UNREACHABLE_CODE = YES;
				CLANG_WARN__DUPLICATE_METHOD_MATCH = YES;
				CODE_SIGN_IDENTITY = "-";
				COPY_PHASE_STRIP = NO;
				DEBUG_INFORMATION_FORMAT = "dwarf-with-dsym";
				ENABLE_NS_ASSERTIONS = NO;
				ENABLE_STRICT_OBJC_MSGSEND = YES;
				GCC_C_LANGUAGE_STANDARD = gnu99;
				GCC_NO_COMMON_BLOCKS = YES;
				GCC_WARN_64_TO_32_BIT_CONVERSION = YES;
				GCC_WARN_ABOUT_RETURN_TYPE = YES_ERROR;
				GCC_WARN_UNDECLARED_SELECTOR = YES;
				GCC_WARN_UNINITIALIZED_AUTOS = YES_AGGRESSIVE;
				GCC_WARN_UNUSED_FUNCTION = YES;
				GCC_WARN_UNUSED_VARIABLE = YES;
				MACOSX_DEPLOYMENT_TARGET = 10.10;
				MTL_ENABLE_DEBUG_INFO = NO;
				SDKROOT = macosx;
			};
			name = Release;
		};
		EB3B65C01D2DB9D70016D335 /* Debug */ = {
			isa = XCBuildConfiguration;
			buildSettings = {
				PRODUCT_NAME = "$(TARGET_NAME)";
			};
			name = Debug;
		};
		EB3B65C11D2DB9D70016D335 /* Release */ = {
			isa = XCBuildConfiguration;
			buildSettings = {
				PRODUCT_NAME = "$(TARGET_NAME)";
			};
			name = Release;
		};
/* End XCBuildConfiguration section */

/* Begin XCConfigurationList section */
		EB3B65B31D2DB9D70016D335 /* Build configuration list for PBXProject "fsdiff-mr" */ = {
			isa = XCConfigurationList;
			buildConfigurations = (
				EB3B65BD1D2DB9D70016D335 /* Debug */,
				EB3B65BE1D2DB9D70016D335 /* Release */,
			);
			defaultConfigurationIsVisible = 0;
			defaultConfigurationName = Release;
		};
		EB3B65BF1D2DB9D70016D335 /* Build configuration list for PBXNativeTarget "fsdiff-mr" */ = {
			isa = XCConfigurationList;
			buildConfigurations = (
				EB3B65C01D2DB9D70016D335 /* Debug */,
				EB3B65C11D2DB9D70016D335 /* Release */,
			);
			defaultConfigurationIsVisible = 0;
			defaultConfigurationName = Release;
		};
/* End XCConfigurationList section */
	};
	rootObject = EB3B65B01D2DB9D70016D335 /* Project object */;
}
